
Microsoft Visual Studio Solution File, Format Version 12.00
# Visual Studio Version 16
VisualStudioVersion = 16.0.30717.126
MinimumVisualStudioVersion = 10.0.40219.1
Project("{FAE04EC0-301F-11D3-BF4B-00C04F79EFBC}") = "OBS Timer", "OBS Timer\OBS Timer.csproj", "{6AC43F92-48B0-4715-8F58-DFCE54EA2D7D}"
EndProject
Global
	GlobalSection(SolutionConfigurationPlatforms) = preSolution
		Debug|Any CPU = Debug|Any CPU
		Release|Any CPU = Release|Any CPU
	EndGlobalSection
	GlobalSection(ProjectConfigurationPlatforms) = postSolution
		{6AC43F92-48B0-4715-8F58-DFCE54EA2D7D}.Debug|Any CPU.ActiveCfg = Debug|Any CPU
		{6AC43F92-48B0-4715-8F58-DFCE54EA2D7D}.Debug|Any CPU.Build.0 = Debug|Any CPU
		{6AC43F92-48B0-4715-8F58-DFCE54EA2D7D}.Release|Any CPU.ActiveCfg = Release|Any CPU
		{6AC43F92-48B0-4715-8F58-DFCE54EA2D7D}.Release|Any CPU.Build.0 = Release|Any CPU
	EndGlobalSection
	GlobalSection(SolutionProperties) = preSolution
		HideSolutionNode = FALSE
	EndGlobalSection
	GlobalSection(ExtensibilityGlobals) = postSolution
		SolutionGuid = {A65935A3-54DA-404B-AC6D-F11B9DDC23EB}
	EndGlobalSection
EndGlobal
